# This file is autogenerated, do not edit; changes may be undone by the next 'dep ensure'.


[[projects]]
  branch = "master"
  name = "github.com/looplab/fsm"
  packages = ["."]
  revision = "bcc3636384ce80a109a6039432b30ff5b82476ee"

[solve-meta]
  analyzer-name = "dep"
  analyzer-version = 1
  inputs-digest = "b4ef7c37eb431cb3d0d7aae0152bd52c2ed4af99495e065d79b938a9f3304c65"
  solver-name = "gps-cdcl"
  solver-version = 1
